dependencies:
  conventional-changelog-conventionalcommits: 4.5.0
lockfileVersion: 5.2
packages:
  /array-ify/1.0.0:
    dev: false
    resolution:
      integrity: sha1-nlKHYrSpBmrRY6aWKjZEGOlibs4=
  /compare-func/2.0.0:
    dependencies:
      array-ify: 1.0.0
      dot-prop: 5.3.0
    dev: false
    resolution:
      integrity: sha512-zHig5N+tPWARooBnb0Zx1MFcdfpyJrfTJ3Y5L+IFvUm8rM74hHz66z0gw0x4tijh5CorKkKUCnW82R2vmpeCRA==
  /conventional-changelog-conventionalcommits/4.5.0:
    dependencies:
      compare-func: 2.0.0
      lodash: 4.17.20
      q: 1.5.1
    dev: false
    engines:
      node: '>=10'
    resolution:
      integrity: sha512-buge9xDvjjOxJlyxUnar/+6i/aVEVGA7EEh4OafBCXPlLUQPGbRUBhBUveWRxzvR8TEjhKEP4BdepnpG2FSZXw==
  /dot-prop/5.3.0:
    dependencies:
      is-obj: 2.0.0
    dev: false
    engines:
      node: '>=8'
    resolution:
      integrity: sha512-QM8q3zDe58hqUqjraQOmzZ1LIH9SWQJTlEKCH4kJ2oQvLZk7RbQXvtDM2XEq3fwkV9CCvvH4LA0AV+ogFsBM2Q==
  /is-obj/2.0.0:
    dev: false
    engines:
      node: '>=8'
    resolution:
      integrity: sha512-drqDG3cbczxxEJRoOXcOjtdp1J/lyp1mNn0xaznRs8+muBhgQcrnbspox5X5fOw0HnMnbfDzvnEMEtqDEJEo8w==
  /lodash/4.17.20:
    dev: false
    resolution:
      integrity: sha512-PlhdFcillOINfeV7Ni6oF1TAEayyZBoZ8bcshTHqOYJYlrqzRK5hagpagky5o4HfCzzd1TRkXPMFq6cKk9rGmA==
  /q/1.5.1:
    dev: false
    engines:
      node: '>=0.6.0'
      teleport: '>=0.2.0'
    resolution:
      integrity: sha1-fjL3W0E4EpHQRhHxvxQQmsAGUdc=
specifiers:
  conventional-changelog-conventionalcommits: ^4.5.0
